// !$*UTF8*$!
{
	archiveVersion = 1;
	classes = {
	};
	objectVersion = 51;
	objects = {

/* Begin PBXBuildFile section */
		154C4CCB287045B800BB4486 /* APIManager.swift in Sources */ = {isa = PBXBuildFile; fileRef = 154C4CCA287045B800BB4486 /* APIManager.swift */; };
		15F812C4286F425000B271BE /* AppDelegate.swift in Sources */ = {isa = PBXBuildFile; fileRef = 15F812C3286F425000B271BE /* AppDelegate.swift */; };
		15F812C6286F425000B271BE /* SceneDelegate.swift in Sources */ = {isa = PBXBuildFile; fileRef = 15F812C5286F425000B271BE /* SceneDelegate.swift */; };
		15F812C8286F425000B271BE /* ViewController.swift in Sources */ = {isa = PBXBuildFile; fileRef = 15F812C7286F425000B271BE /* ViewController.swift */; };
		15F812CB286F425000B271BE /* Main.storyboard in Resources */ = {isa = PBXBuildFile; fileRef = 15F812C9286F425000B271BE /* Main.storyboard */; };
		15F812CD286F425400B271BE /* Assets.xcassets in Resources */ = {isa = PBXBuildFile; fileRef = 15F812CC286F425400B271BE /* Assets.xcassets */; };
		15F812D0286F425400B271BE /* LaunchScreen.storyboard in Resources */ = {isa = PBXBuildFile; fileRef = 15F812CE286F425400B271BE /* LaunchScreen.storyboard */; };
		D5D7123C6CE6D0A85C29B077 /* Pods_Demo_Alamofire_for_API.framework in Frameworks */ = {isa = PBXBuildFile; fileRef = 45BA1D106ED9715C549915F4 /* Pods_Demo_Alamofire_for_API.framework */; };
/* End PBXBuildFile section */

/* Begin PBXFileReference section */
		154C4CCA287045B800BB4486 /* APIManager.swift */ = {isa = PBXFileReference; lastKnownFileType = sourcecode.swift; path = APIManager.swift; sourceTree = "<group>"; };
		15F812C0286F425000B271BE /* Demo Alamofire for API.app */ = {isa = PBXFileReference; explicitFileType = wrapper.application; includeInIndex = 0; path = "Demo Alamofire for API.app"; sourceTree = BUILT_PRODUCTS_DIR; };
		15F812C3286F425000B271BE /* AppDelegate.swift */ = {isa = PBXFileReference; lastKnownFileType = sourcecode.swift; path = AppDelegate.swift; sourceTree = "<group>"; };
		15F812C5286F425000B271BE /* SceneDelegate.swift */ = {isa = PBXFileReference; lastKnownFileType = sourcecode.swift; path = SceneDelegate.swift; sourceTree = "<group>"; };
		15F812C7286F425000B271BE /* ViewController.swift */ = {isa = PBXFileReference; lastKnownFileType = sourcecode.swift; path = ViewController.swift; sourceTree = "<group>"; };
		15F812CA286F425000B271BE /* Base */ = {isa = PBXFileReference; lastKnownFileType = file.storyboard; name = Base; path = Base.lproj/Main.storyboard; sourceTree = "<group>"; };
		15F812CC286F425400B271BE /* Assets.xcassets */ = {isa = PBXFileReference; lastKnownFileType = folder.assetcatalog; path = Assets.xcassets; sourceTree = "<group>"; };
		15F812CF286F425400B271BE /* Base */ = {isa = PBXFileReference; lastKnownFileType = file.storyboard; name = Base; path = Base.lproj/LaunchScreen.storyboard; sourceTree = "<group>"; };
		15F812D1286F425400B271BE /* Info.plist */ = {isa = PBXFileReference; lastKnownFileType = text.plist.xml; path = Info.plist; sourceTree = "<group>"; };
		45BA1D106ED9715C549915F4 /* Pods_Demo_Alamofire_for_API.framework */ = {isa = PBXFileReference; explicitFileType = wrapper.framework; includeInIndex = 0; path = Pods_Demo_Alamofire_for_API.framework; sourceTree = BUILT_PRODUCTS_DIR; };
		52A0D6543E733DB08203CFE1 /* Pods-Demo Alamofire for API.debug.xcconfig */ = {isa = PBXFileReference; includeInIndex = 1; lastKnownFileType = text.xcconfig; name = "Pods-Demo Alamofire for API.debug.xcconfig"; path = "Target Support Files/Pods-Demo Alamofire for API/Pods-Demo Alamofire for API.debug.xcconfig"; sourceTree = "<group>"; };
		87746754A512702A32ED58FF /* Pods-Demo Alamofire for API.release.xcconfig */ = {isa = PBXFileReference; includeInIndex = 1; lastKnownFileType = text.xcconfig; name = "Pods-Demo Alamofire for API.release.xcconfig"; path = "Target Support Files/Pods-Demo Alamofire for API/Pods-Demo Alamofire for API.release.xcconfig"; sourceTree = "<group>"; };
/* End PBXFileReference section */

/* Begin PBXFrameworksBuildPhase section */
		15F812BD286F425000B271BE /* Frameworks */ = {
			isa = PBXFrameworksBuildPhase;
			buildActionMask = 2147483647;
			files = (
				D5D7123C6CE6D0A85C29B077 /* Pods_Demo_Alamofire_for_API.framework in Frameworks */,
			);
			runOnlyForDeploymentPostprocessing = 0;
		};
/* End PBXFrameworksBuildPhase section */

/* Begin PBXGroup section */
		15E462B7286F54880071C28B /* Models */ = {
			isa = PBXGroup;
			children = (
				154C4CCA287045B800BB4486 /* APIManager.swift */,
			);
			path = Models;
			sourceTree = "<group>";
		};
		15E462B8286F54C50071C28B /* Controller */ = {
			isa = PBXGroup;
			children = (
				15F812C7286F425000B271BE /* ViewController.swift */,
			);
			path = Controller;
			sourceTree = "<group>";
		};
		15E462B9286F54D80071C28B /* View */ = {
			isa = PBXGroup;
			children = (
				15E462BA286F552D0071C28B /* Storyboards */,
				15F812CC286F425400B271BE /* Assets.xcassets */,
			);
			path = View;
			sourceTree = "<group>";
		};
		15E462BA286F552D0071C28B /* Storyboards */ = {
			isa = PBXGroup;
			children = (
				15F812C9286F425000B271BE /* Main.storyboard */,
				15F812CE286F425400B271BE /* LaunchScreen.storyboard */,
			);
			path = Storyboards;
			sourceTree = "<group>";
		};
		15F812B7286F425000B271BE = {
			isa = PBXGroup;
			children = (
				15F812C2286F425000B271BE /* Demo Alamofire for API */,
				15F812C1286F425000B271BE /* Products */,
				3551D4E5F3348063F5E21F16 /* Pods */,
				6BF6D3E053C27858BC519D8A /* Frameworks */,
			);
			sourceTree = "<group>";
		};
		15F812C1286F425000B271BE /* Products */ = {
			isa = PBXGroup;
			children = (
				15F812C0286F425000B271BE /* Demo Alamofire for API.app */,
			);
			name = Products;
			sourceTree = "<group>";
		};
		15F812C2286F425000B271BE /* Demo Alamofire for API */ = {
			isa = PBXGroup;
			children = (
				15F812C3286F425000B271BE /* AppDelegate.swift */,
				15F812C5286F425000B271BE /* SceneDelegate.swift */,
				15E462B7286F54880071C28B /* Models */,
				15E462B9286F54D80071C28B /* View */,
				15E462B8286F54C50071C28B /* Controller */,
				15F812D1286F425400B271BE /* Info.plist */,
			);
			path = "Demo Alamofire for API";
			sourceTree = "<group>";
		};
		3551D4E5F3348063F5E21F16 /* Pods */ = {
			isa = PBXGroup;
			children = (
				52A0D6543E733DB08203CFE1 /* Pods-Demo Alamofire for API.debug.xcconfig */,
				87746754A512702A32ED58FF /* Pods-Demo Alamofire for API.release.xcconfig */,
			);
			path = Pods;
			sourceTree = "<group>";
		};
		6BF6D3E053C27858BC519D8A /* Frameworks */ = {
			isa = PBXGroup;
			children = (
				45BA1D106ED9715C549915F4 /* Pods_Demo_Alamofire_for_API.framework */,
			);
			name = Frameworks;
			sourceTree = "<group>";
		};
/* End PBXGroup section */

/* Begin PBXNativeTarget section */
		15F812BF286F425000B271BE /* Demo Alamofire for API */ = {
			isa = PBXNativeTarget;
			buildConfigurationList = 15F812D4286F425400B271BE /* Build configuration list for PBXNativeTarget "Demo Alamofire for API" */;
			buildPhases = (
				6AEBDD01F3F61CF721C9E2B1 /* [CP] Check Pods Manifest.lock */,
				15F812BC286F425000B271BE /* Sources */,
				15F812BD286F425000B271BE /* Frameworks */,
				15F812BE286F425000B271BE /* Resources */,
				442A85B3016D308EA4F31848 /* [CP] Embed Pods Frameworks */,
			);
			buildRules = (
			);
			dependencies = (
			);
			name = "Demo Alamofire for API";
			productName = "Demo Alamofire for API";
			productReference = 15F812C0286F425000B271BE /* Demo Alamofire for API.app */;
			productType = "com.apple.product-type.application";
		};
/* End PBXNativeTarget section */

/* Begin PBXProject section */
		15F812B8286F425000B271BE /* Project object */ = {
			isa = PBXProject;
			attributes = {
				LastSwiftUpdateCheck = 1250;
				LastUpgradeCheck = 1250;
				TargetAttributes = {
					15F812BF286F425000B271BE = {
						CreatedOnToolsVersion = 12.5.1;
					};
				};
			};
			buildConfigurationList = 15F812BB286F425000B271BE /* Build configuration list for PBXProject "Demo Alamofire for API" */;
			compatibilityVersion = "Xcode 9.3";
			developmentRegion = en;
			hasScannedForEncodings = 0;
			knownRegions = (
				en,
				Base,
			);
			mainGroup = 15F812B7286F425000B271BE;
			productRefGroup = 15F812C1286F425000B271BE /* Products */;
			projectDirPath = "";
			projectRoot = "";
			targets = (
				15F812BF286F425000B271BE /* Demo Alamofire for API */,
			);
		};
/* End PBXProject section */

/* Begin PBXResourcesBuildPhase section */
		15F812BE286F425000B271BE /* Resources */ = {
			isa = PBXResourcesBuildPhase;
			buildActionMask = 2147483647;
			files = (
				15F812D0286F425400B271BE /* LaunchScreen.storyboard in Resources */,
				15F812CD286F425400B271BE /* Assets.xcassets in Resources */,
				15F812CB286F425000B271BE /* Main.storyboard in Resources */,
			);
			runOnlyForDeploymentPostprocessing = 0;
		};
/* End PBXResourcesBuildPhase section */

/* Begin PBXShellScriptBuildPhase section */
		442A85B3016D308EA4F31848 /* [CP] Embed Pods Frameworks */ = {
			isa = PBXShellScriptBuildPhase;
			buildActionMask = 2147483647;
			files = (
			);
			inputFileListPaths = (
				"${PODS_ROOT}/Target Support Files/Pods-Demo Alamofire for API/Pods-Demo Alamofire for API-frameworks-${CONFIGURATION}-input-files.xcfilelist",
			);
			name = "[CP] Embed Pods Frameworks";
			outputFileListPaths = (
				"${PODS_ROOT}/Target Support Files/Pods-Demo Alamofire for API/Pods-Demo Alamofire for API-frameworks-${CONFIGURATION}-output-files.xcfilelist",
			);
			runOnlyForDeploymentPostprocessing = 0;
			shellPath = /bin/sh;
			shellScript = "\"${PODS_ROOT}/Target Support Files/Pods-Demo Alamofire for API/Pods-Demo Alamofire for API-frameworks.sh\"\n";
			showEnvVarsInLog = 0;
		};
		6AEBDD01F3F61CF721C9E2B1 /* [CP] Check Pods Manifest.lock */ = {
			isa = PBXShellScriptBuildPhase;
			buildActionMask = 2147483647;
			files = (
			);
			inputFileListPaths = (
			);
			inputPaths = (
				"${PODS_PODFILE_DIR_PATH}/Podfile.lock",
				"${PODS_ROOT}/Manifest.lock",
			);
			name = "[CP] Check Pods Manifest.lock";
			outputFileListPaths = (
			);
			outputPaths = (
				"$(DERIVED_FILE_DIR)/Pods-Demo Alamofire for API-checkManifestLockResult.txt",
			);
			runOnlyForDeploymentPostprocessing = 0;
			shellPath = /bin/sh;
			shellScript = "diff \"${PODS_PODFILE_DIR_PATH}/Podfile.lock\" \"${PODS_ROOT}/Manifest.lock\" > /dev/null\nif [ $? != 0 ] ; then\n    # print error to STDERR\n    echo \"error: The sandbox is not in sync with the Podfile.lock. Run 'pod install' or update your CocoaPods installation.\" >&2\n    exit 1\nfi\n# This output is used by Xcode 'outputs' to avoid re-running this script phase.\necho \"SUCCESS\" > \"${SCRIPT_OUTPUT_FILE_0}\"\n";
			showEnvVarsInLog = 0;
		};
/* End PBXShellScriptBuildPhase section */

/* Begin PBXSourcesBuildPhase section */
		15F812BC286F425000B271BE /* Sources */ = {
			isa = PBXSourcesBuildPhase;
			buildActionMask = 2147483647;
			files = (
				154C4CCB287045B800BB4486 /* APIManager.swift in Sources */,
				15F812C8286F425000B271BE /* ViewController.swift in Sources */,
				15F812C4286F425000B271BE /* AppDelegate.swift in Sources */,
				15F812C6286F425000B271BE /* SceneDelegate.swift in Sources */,
			);
			runOnlyForDeploymentPostprocessing = 0;
		};
/* End PBXSourcesBuildPhase section */

/* Begin PBXVariantGroup section */
		15F812C9286F425000B271BE /* Main.storyboard */ = {
			isa = PBXVariantGroup;
			children = (
				15F812CA286F425000B271BE /* Base */,
			);
			name = Main.storyboard;
			sourceTree = "<group>";
		};
		15F812CE286F425400B271BE /* LaunchScreen.storyboard */ = {
			isa = PBXVariantGroup;
			children = (
				15F812CF286F425400B271BE /* Base */,
			);
			name = LaunchScreen.storyboard;
			sourceTree = "<group>";
		};
/* End PBXVariantGroup section */

/* Begin XCBuildConfiguration section */
		15F812D2286F425400B271BE /* Debug */ = {
			isa = XCBuildConfiguration;
			buildSettings = {
				ALWAYS_SEARCH_USER_PATHS = NO;
				CLANG_ANALYZER_NONNULL = YES;
				CLANG_ANALYZER_NUMBER_OBJECT_CONVERSION = YES_AGGRESSIVE;
				CLANG_CXX_LANGUAGE_STANDARD = "gnu++14";
				CLANG_CXX_LIBRARY = "libc++";
				CLANG_ENABLE_MODULES = YES;
				CLANG_ENABLE_OBJC_ARC = YES;
				CLANG_ENABLE_OBJC_WEAK = YES;
				CLANG_WARN_BLOCK_CAPTURE_AUTORELEASING = YES;
				CLANG_WARN_BOOL_CONVERSION = YES;
				CLANG_WARN_COMMA = YES;
				CLANG_WARN_CONSTANT_CONVERSION = YES;
				CLANG_WARN_DEPRECATED_OBJC_IMPLEMENTATIONS = YES;
				CLANG_WARN_DIRECT_OBJC_ISA_USAGE = YES_ERROR;
				CLANG_WARN_DOCUMENTATION_COMMENTS = YES;
				CLANG_WARN_EMPTY_BODY = YES;
				CLANG_WARN_ENUM_CONVERSION = YES;
				CLANG_WARN_INFINITE_RECURSION = YES;
				CLANG_WARN_INT_CONVERSION = YES;
				CLANG_WARN_NON_LITERAL_NULL_CONVERSION = YES;
				CLANG_WARN_OBJC_IMPLICIT_RETAIN_SELF = YES;
				CLANG_WARN_OBJC_LITERAL_CONVERSION = YES;
				CLANG_WARN_OBJC_ROOT_CLASS = YES_ERROR;
				CLANG_WARN_QUOTED_INCLUDE_IN_FRAMEWORK_HEADER = YES;
				CLANG_WARN_RANGE_LOOP_ANALYSIS = YES;
				CLANG_WARN_STRICT_PROTOTYPES = YES;
				CLANG_WARN_SUSPICIOUS_MOVE = YES;
				CLANG_WARN_UNGUARDED_AVAILABILITY = YES_AGGRESSIVE;
				CLANG_WARN_UNREACHABLE_CODE = YES;
				CLANG_WARN__DUPLICATE_METHOD_MATCH = YES;
				COPY_PHASE_STRIP = NO;
				DEBUG_INFORMATION_FORMAT = dwarf;
				ENABLE_STRICT_OBJC_MSGSEND = YES;
				ENABLE_TESTABILITY = YES;
				GCC_C_LANGUAGE_STANDARD = gnu11;
				GCC_DYNAMIC_NO_PIC = NO;
				GCC_NO_COMMON_BLOCKS = YES;
				GCC_OPTIMIZATION_LEVEL = 0;
				GCC_PREPROCESSOR_DEFINITIONS = (
					"DEBUG=1",
					"$(inherited)",
				);
				GCC_WARN_64_TO_32_BIT_CONVERSION = YES;
				GCC_WARN_ABOUT_RETURN_TYPE = YES_ERROR;
				GCC_WARN_UNDECLARED_SELECTOR = YES;
				GCC_WARN_UNINITIALIZED_AUTOS = YES_AGGRESSIVE;
				GCC_WARN_UNUSED_FUNCTION = YES;
				GCC_WARN_UNUSED_VARIABLE = YES;
				IPHONEOS_DEPLOYMENT_TARGET = 14.5;
				MTL_ENABLE_DEBUG_INFO = INCLUDE_SOURCE;
				MTL_FAST_MATH = YES;
				ONLY_ACTIVE_ARCH = YES;
				SDKROOT = iphoneos;
				SWIFT_ACTIVE_COMPILATION_CONDITIONS = DEBUG;
				SWIFT_OPTIMIZATION_LEVEL = "-Onone";
			};
			name = Debug;
		};
		15F812D3286F425400B271BE /* Release */ = {
			isa = XCBuildConfiguration;
			buildSettings = {
				ALWAYS_SEARCH_USER_PATHS = NO;
				CLANG_ANALYZER_NONNULL = YES;
				CLANG_ANALYZER_NUMBER_OBJECT_CONVERSION = YES_AGGRESSIVE;
				CLANG_CXX_LANGUAGE_STANDARD = "gnu++14";
				CLANG_CXX_LIBRARY = "libc++";
				CLANG_ENABLE_MODULES = YES;
				CLANG_ENABLE_OBJC_ARC = YES;
				CLANG_ENABLE_OBJC_WEAK = YES;
				CLANG_WARN_BLOCK_CAPTURE_AUTORELEASING = YES;
				CLANG_WARN_BOOL_CONVERSION = YES;
				CLANG_WARN_COMMA = YES;
				CLANG_WARN_CONSTANT_CONVERSION = YES;
				CLANG_WARN_DEPRECATED_OBJC_IMPLEMENTATIONS = YES;
				CLANG_WARN_DIRECT_OBJC_ISA_USAGE = YES_ERROR;
				CLANG_WARN_DOCUMENTATION_COMMENTS = YES;
				CLANG_WARN_EMPTY_BODY = YES;
				CLANG_WARN_ENUM_CONVERSION = YES;
				CLANG_WARN_INFINITE_RECURSION = YES;
				CLANG_WARN_INT_CONVERSION = YES;
				CLANG_WARN_NON_LITERAL_NULL_CONVERSION = YES;
				CLANG_WARN_OBJC_IMPLICIT_RETAIN_SELF = YES;
				CLANG_WARN_OBJC_LITERAL_CONVERSION = YES;
				CLANG_WARN_OBJC_ROOT_CLASS = YES_ERROR;
				CLANG_WARN_QUOTED_INCLUDE_IN_FRAMEWORK_HEADER = YES;
				CLANG_WARN_RANGE_LOOP_ANALYSIS = YES;
				CLANG_WARN_STRICT_PROTOTYPES = YES;
				CLANG_WARN_SUSPICIOUS_MOVE = YES;
				CLANG_WARN_UNGUARDED_AVAILABILITY = YES_AGGRESSIVE;
				CLANG_WARN_UNREACHABLE_CODE = YES;
				CLANG_WARN__DUPLICATE_METHOD_MATCH = YES;
				COPY_PHASE_STRIP = NO;
				DEBUG_INFORMATION_FORMAT = "dwarf-with-dsym";
				ENABLE_NS_ASSERTIONS = NO;
				ENABLE_STRICT_OBJC_MSGSEND = YES;
				GCC_C_LANGUAGE_STANDARD = gnu11;
				GCC_NO_COMMON_BLOCKS = YES;
				GCC_WARN_64_TO_32_BIT_CONVERSION = YES;
				GCC_WARN_ABOUT_RETURN_TYPE = YES_ERROR;
				GCC_WARN_UNDECLARED_SELECTOR = YES;
				GCC_WARN_UNINITIALIZED_AUTOS = YES_AGGRESSIVE;
				GCC_WARN_UNUSED_FUNCTION = YES;
				GCC_WARN_UNUSED_VARIABLE = YES;
				IPHONEOS_DEPLOYMENT_TARGET = 14.5;
				MTL_ENABLE_DEBUG_INFO = NO;
				MTL_FAST_MATH = YES;
				SDKROOT = iphoneos;
				SWIFT_COMPILATION_MODE = wholemodule;
				SWIFT_OPTIMIZATION_LEVEL = "-O";
				VALIDATE_PRODUCT = YES;
			};
			name = Release;
		};
		15F812D5286F425400B271BE /* Debug */ = {
			isa = XCBuildConfiguration;
			baseConfigurationReference = 52A0D6543E733DB08203CFE1 /* Pods-Demo Alamofire for API.debug.xcconfig */;
			buildSettings = {
				ASSETCATALOG_COMPILER_APPICON_NAME = AppIcon;
				ASSETCATALOG_COMPILER_GLOBAL_ACCENT_COLOR_NAME = AccentColor;
				CODE_SIGN_STYLE = Automatic;
				DEVELOPMENT_TEAM = 4MRX96E7WX;
				INFOPLIST_FILE = "Demo Alamofire for API/Info.plist";
				LD_RUNPATH_SEARCH_PATHS = (
					"$(inherited)",
					"@executable_path/Frameworks",
				);
				PRODUCT_BUNDLE_IDENTIFIER = "pk.travrelics.Demo-Alamofire-for-API";
				PRODUCT_NAME = "$(TARGET_NAME)";
				SWIFT_VERSION = 5.0;
				TARGETED_DEVICE_FAMILY = "1,2";
			};
			name = Debug;
		};
		15F812D6286F425400B271BE /* Release */ = {
			isa = XCBuildConfiguration;
			baseConfigurationReference = 87746754A512702A32ED58FF /* Pods-Demo Alamofire for API.release.xcconfig */;
			buildSettings = {
				ASSETCATALOG_COMPILER_APPICON_NAME = AppIcon;
				ASSETCATALOG_COMPILER_GLOBAL_ACCENT_COLOR_NAME = AccentColor;
				CODE_SIGN_STYLE = Automatic;
				DEVELOPMENT_TEAM = 4MRX96E7WX;
				INFOPLIST_FILE = "Demo Alamofire for API/Info.plist";
				LD_RUNPATH_SEARCH_PATHS = (
					"$(inherited)",
					"@executable_path/Frameworks",
				);
				PRODUCT_BUNDLE_IDENTIFIER = "pk.travrelics.Demo-Alamofire-for-API";
				PRODUCT_NAME = "$(TARGET_NAME)";
				SWIFT_VERSION = 5.0;
				TARGETED_DEVICE_FAMILY = "1,2";
			};
			name = Release;
		};
/* End XCBuildConfiguration section */

/* Begin XCConfigurationList section */
		15F812BB286F425000B271BE /* Build configuration list for PBXProject "Demo Alamofire for API" */ = {
			isa = XCConfigurationList;
			buildConfigurations = (
				15F812D2286F425400B271BE /* Debug */,
				15F812D3286F425400B271BE /* Release */,
			);
			defaultConfigurationIsVisible = 0;
			defaultConfigurationName = Release;
		};
		15F812D4286F425400B271BE /* Build configuration list for PBXNativeTarget "Demo Alamofire for API" */ = {
			isa = XCConfigurationList;
			buildConfigurations = (
				15F812D5286F425400B271BE /* Debug */,
				15F812D6286F425400B271BE /* Release */,
			);
			defaultConfigurationIsVisible = 0;
			defaultConfigurationName = Release;
		};
/* End XCConfigurationList section */
	};
	rootObject = 15F812B8286F425000B271BE /* Project object */;
}
